
Microsoft Visual Studio Solution File, Format Version 12.00
# Visual Studio Version 17
VisualStudioVersion = 17.0.32112.339
MinimumVisualStudioVersion = 10.0.40219.1
Project("{FAE04EC0-301F-11D3-BF4B-00C04F79EFBC}") = "HProtector", "HProtector\HProtector.csproj", "{129B2DDF-AF4C-4B81-B1CF-110B3E778A30}"
EndProject
Global
	GlobalSection(SolutionConfigurationPlatforms) = preSolution
		Debug|Any CPU = Debug|Any CPU
		Release|Any CPU = Release|Any CPU
	EndGlobalSection
	GlobalSection(ProjectConfigurationPlatforms) = postSolution
		{129B2DDF-AF4C-4B81-B1CF-110B3E778A30}.Debug|Any CPU.ActiveCfg = Debug|Any CPU
		{129B2DDF-AF4C-4B81-B1CF-110B3E778A30}.Debug|Any CPU.Build.0 = Debug|Any CPU
		{129B2DDF-AF4C-4B81-B1CF-110B3E778A30}.Release|Any CPU.ActiveCfg = Release|Any CPU
		{129B2DDF-AF4C-4B81-B1CF-110B3E778A30}.Release|Any CPU.Build.0 = Release|Any CPU
	EndGlobalSection
	GlobalSection(SolutionProperties) = preSolution
		HideSolutionNode = FALSE
	EndGlobalSection
	GlobalSection(ExtensibilityGlobals) = postSolution
		SolutionGuid = {614DE731-E522-466D-B916-9B04B46213C4}
	EndGlobalSection
EndGlobal
